// !$*UTF8*$!
{
	archiveVersion = 1;
	classes = {
	};
	objectVersion = 46;
	objects = {

/* Begin PBXBuildFile section */
		89331D471CE222C7003C2E59 /* main.m in Sources */ = {isa = PBXBuildFile; fileRef = 89331D461CE222C7003C2E59 /* main.m */; };
		896F7F071CF9C55C00FD8572 /* DeviceTestParameters.m in Sources */ = {isa = PBXBuildFile; fileRef = 896F7F061CF9C55C00FD8572 /* DeviceTestParameters.m */; };
		896F7F0C1CF9C56800FD8572 /* PhysicalDevice.m in Sources */ = {isa = PBXBuildFile; fileRef = 896F7F091CF9C56800FD8572 /* PhysicalDevice.m */; };
		896F7F0D1CF9C56800FD8572 /* Simulator.m in Sources */ = {isa = PBXBuildFile; fileRef = 896F7F0B1CF9C56800FD8572 /* Simulator.m */; };
		896F7F101CF9C57600FD8572 /* ShellRunner.m in Sources */ = {isa = PBXBuildFile; fileRef = 896F7F0F1CF9C57600FD8572 /* ShellRunner.m */; };
		896F7F161CF9F96100FD8572 /* TestParameters.m in Sources */ = {isa = PBXBuildFile; fileRef = 896F7F151CF9F96100FD8572 /* TestParameters.m */; };
		896F7F191CF9FC3C00FD8572 /* SimulatorTestParameters.m in Sources */ = {isa = PBXBuildFile; fileRef = 896F7F181CF9FC3C00FD8572 /* SimulatorTestParameters.m */; };
		8974F5151D085B6800C51B0C /* XCTestControlWrapper.m in Sources */ = {isa = PBXBuildFile; fileRef = 8974F5141D085B6800C51B0C /* XCTestControlWrapper.m */; };
		8974F5161D085B6800C51B0C /* XCTestControlWrapper.m in Sources */ = {isa = PBXBuildFile; fileRef = 8974F5141D085B6800C51B0C /* XCTestControlWrapper.m */; };
		8974F5251D08603A00C51B0C /* XCTestControlWrapper.m in Sources */ = {isa = PBXBuildFile; fileRef = 8974F5141D085B6800C51B0C /* XCTestControlWrapper.m */; };
		8974F5271D08603A00C51B0C /* ShellRunner.m in Sources */ = {isa = PBXBuildFile; fileRef = 896F7F0F1CF9C57600FD8572 /* ShellRunner.m */; };
		8974F5291D08603A00C51B0C /* TestControlArgParser.m in Sources */ = {isa = PBXBuildFile; fileRef = 89EF4AC31CFA6008006DCDC5 /* TestControlArgParser.m */; };
		8974F52B1D08603A00C51B0C /* Device.m in Sources */ = {isa = PBXBuildFile; fileRef = 89EF4ABD1CFA5ACB006DCDC5 /* Device.m */; };
		8974F52D1D08603A00C51B0C /* PhysicalDevice.m in Sources */ = {isa = PBXBuildFile; fileRef = 896F7F091CF9C56800FD8572 /* PhysicalDevice.m */; };
		8974F52F1D08603A00C51B0C /* Simulator.m in Sources */ = {isa = PBXBuildFile; fileRef = 896F7F0B1CF9C56800FD8572 /* Simulator.m */; };
		8974F5311D08603A00C51B0C /* TestParameters.m in Sources */ = {isa = PBXBuildFile; fileRef = 896F7F151CF9F96100FD8572 /* TestParameters.m */; };
		8974F5331D08603A00C51B0C /* DeviceTestParameters.m in Sources */ = {isa = PBXBuildFile; fileRef = 896F7F061CF9C55C00FD8572 /* DeviceTestParameters.m */; };
		8974F5351D08603A00C51B0C /* SimulatorTestParameters.m in Sources */ = {isa = PBXBuildFile; fileRef = 896F7F181CF9FC3C00FD8572 /* SimulatorTestParameters.m */; };
		89EF4ABE1CFA5ACB006DCDC5 /* Device.m in Sources */ = {isa = PBXBuildFile; fileRef = 89EF4ABD1CFA5ACB006DCDC5 /* Device.m */; };
		89EF4AC41CFA6008006DCDC5 /* TestControlArgParser.m in Sources */ = {isa = PBXBuildFile; fileRef = 89EF4AC31CFA6008006DCDC5 /* TestControlArgParser.m */; };
		89EF4ACC1CFA614F006DCDC5 /* IntegrationTests.m in Sources */ = {isa = PBXBuildFile; fileRef = 89EF4ACB1CFA614F006DCDC5 /* IntegrationTests.m */; };
		89EF4ADE1CFA6432006DCDC5 /* Device.m in Sources */ = {isa = PBXBuildFile; fileRef = 89EF4ABD1CFA5ACB006DCDC5 /* Device.m */; };
		89EF4ADF1CFA6432006DCDC5 /* TestParameters.m in Sources */ = {isa = PBXBuildFile; fileRef = 896F7F151CF9F96100FD8572 /* TestParameters.m */; };
		89EF4AE01CFA64A0006DCDC5 /* ShellRunner.m in Sources */ = {isa = PBXBuildFile; fileRef = 896F7F0F1CF9C57600FD8572 /* ShellRunner.m */; };
		89EF4AE11CFA64A0006DCDC5 /* TestControlArgParser.m in Sources */ = {isa = PBXBuildFile; fileRef = 89EF4AC31CFA6008006DCDC5 /* TestControlArgParser.m */; };
		89EF4AE21CFA64A0006DCDC5 /* PhysicalDevice.m in Sources */ = {isa = PBXBuildFile; fileRef = 896F7F091CF9C56800FD8572 /* PhysicalDevice.m */; };
		89EF4AE31CFA64A0006DCDC5 /* Simulator.m in Sources */ = {isa = PBXBuildFile; fileRef = 896F7F0B1CF9C56800FD8572 /* Simulator.m */; };
		89EF4AE41CFA64A0006DCDC5 /* DeviceTestParameters.m in Sources */ = {isa = PBXBuildFile; fileRef = 896F7F061CF9C55C00FD8572 /* DeviceTestParameters.m */; };
		89EF4AE51CFA64A0006DCDC5 /* SimulatorTestParameters.m in Sources */ = {isa = PBXBuildFile; fileRef = 896F7F181CF9FC3C00FD8572 /* SimulatorTestParameters.m */; };
/* End PBXBuildFile section */

/* Begin PBXCopyFilesBuildPhase section */
		89331D411CE222C7003C2E59 /* CopyFiles */ = {
			isa = PBXCopyFilesBuildPhase;
			buildActionMask = 2147483647;
			dstPath = "";
			dstSubfolderSpec = 16;
			files = (
			);
			runOnlyForDeploymentPostprocessing = 1;
		};
/* End PBXCopyFilesBuildPhase section */

/* Begin PBXFileReference section */
		89331D431CE222C7003C2E59 /* xctestctl */ = {isa = PBXFileReference; explicitFileType = "compiled.mach-o.executable"; includeInIndex = 0; path = xctestctl; sourceTree = BUILT_PRODUCTS_DIR; };
		89331D461CE222C7003C2E59 /* main.m */ = {isa = PBXFileReference; lastKnownFileType = sourcecode.c.objc; path = main.m; sourceTree = "<group>"; };
		896F7F051CF9C55C00FD8572 /* DeviceTestParameters.h */ = {isa = PBXFileReference; fileEncoding = 4; lastKnownFileType = sourcecode.c.h; name = DeviceTestParameters.h; path = TestParameters/DeviceTestParameters.h; sourceTree = "<group>"; };
		896F7F061CF9C55C00FD8572 /* DeviceTestParameters.m */ = {isa = PBXFileReference; fileEncoding = 4; lastKnownFileType = sourcecode.c.objc; name = DeviceTestParameters.m; path = TestParameters/DeviceTestParameters.m; sourceTree = "<group>"; };
		896F7F081CF9C56800FD8572 /* PhysicalDevice.h */ = {isa = PBXFileReference; fileEncoding = 4; lastKnownFileType = sourcecode.c.h; name = PhysicalDevice.h; path = Devices/PhysicalDevice.h; sourceTree = "<group>"; };
		896F7F091CF9C56800FD8572 /* PhysicalDevice.m */ = {isa = PBXFileReference; fileEncoding = 4; lastKnownFileType = sourcecode.c.objc; name = PhysicalDevice.m; path = Devices/PhysicalDevice.m; sourceTree = "<group>"; };
		896F7F0A1CF9C56800FD8572 /* Simulator.h */ = {isa = PBXFileReference; fileEncoding = 4; lastKnownFileType = sourcecode.c.h; name = Simulator.h; path = Devices/Simulator.h; sourceTree = "<group>"; };
		896F7F0B1CF9C56800FD8572 /* Simulator.m */ = {isa = PBXFileReference; fileEncoding = 4; lastKnownFileType = sourcecode.c.objc; name = Simulator.m; path = Devices/Simulator.m; sourceTree = "<group>"; };
		896F7F0E1CF9C57600FD8572 /* ShellRunner.h */ = {isa = PBXFileReference; fileEncoding = 4; lastKnownFileType = sourcecode.c.h; name = ShellRunner.h; path = Utilities/ShellRunner.h; sourceTree = "<group>"; };
		896F7F0F1CF9C57600FD8572 /* ShellRunner.m */ = {isa = PBXFileReference; fileEncoding = 4; lastKnownFileType = sourcecode.c.objc; name = ShellRunner.m; path = Utilities/ShellRunner.m; sourceTree = "<group>"; };
		896F7F141CF9F96100FD8572 /* TestParameters.h */ = {isa = PBXFileReference; fileEncoding = 4; lastKnownFileType = sourcecode.c.h; name = TestParameters.h; path = TestParameters/TestParameters.h; sourceTree = "<group>"; };
		896F7F151CF9F96100FD8572 /* TestParameters.m */ = {isa = PBXFileReference; fileEncoding = 4; lastKnownFileType = sourcecode.c.objc; name = TestParameters.m; path = TestParameters/TestParameters.m; sourceTree = "<group>"; };
		896F7F171CF9FC3C00FD8572 /* SimulatorTestParameters.h */ = {isa = PBXFileReference; fileEncoding = 4; lastKnownFileType = sourcecode.c.h; name = SimulatorTestParameters.h; path = TestParameters/SimulatorTestParameters.h; sourceTree = "<group>"; };
		896F7F181CF9FC3C00FD8572 /* SimulatorTestParameters.m */ = {isa = PBXFileReference; fileEncoding = 4; lastKnownFileType = sourcecode.c.objc; name = SimulatorTestParameters.m; path = TestParameters/SimulatorTestParameters.m; sourceTree = "<group>"; };
		8974F5131D085B6800C51B0C /* XCTestControlWrapper.h */ = {isa = PBXFileReference; fileEncoding = 4; lastKnownFileType = sourcecode.c.h; path = XCTestControlWrapper.h; sourceTree = "<group>"; };
		8974F5141D085B6800C51B0C /* XCTestControlWrapper.m */ = {isa = PBXFileReference; fileEncoding = 4; lastKnownFileType = sourcecode.c.objc; path = XCTestControlWrapper.m; sourceTree = "<group>"; };
		8974F51B1D085FDA00C51B0C /* libXCTestCtl.dylib */ = {isa = PBXFileReference; explicitFileType = "compiled.mach-o.dylib"; includeInIndex = 0; path = libXCTestCtl.dylib; sourceTree = BUILT_PRODUCTS_DIR; };
		89EF4ABC1CFA5ACB006DCDC5 /* Device.h */ = {isa = PBXFileReference; fileEncoding = 4; lastKnownFileType = sourcecode.c.h; name = Device.h; path = Devices/Device.h; sourceTree = "<group>"; };
		89EF4ABD1CFA5ACB006DCDC5 /* Device.m */ = {isa = PBXFileReference; fileEncoding = 4; lastKnownFileType = sourcecode.c.objc; name = Device.m; path = Devices/Device.m; sourceTree = "<group>"; };
		89EF4AC21CFA6008006DCDC5 /* TestControlArgParser.h */ = {isa = PBXFileReference; fileEncoding = 4; lastKnownFileType = sourcecode.c.h; name = TestControlArgParser.h; path = Utilities/TestControlArgParser.h; sourceTree = "<group>"; };
		89EF4AC31CFA6008006DCDC5 /* TestControlArgParser.m */ = {isa = PBXFileReference; fileEncoding = 4; lastKnownFileType = sourcecode.c.objc; name = TestControlArgParser.m; path = Utilities/TestControlArgParser.m; sourceTree = "<group>"; };
		89EF4AC91CFA614F006DCDC5 /* TestControlTests.xctest */ = {isa = PBXFileReference; explicitFileType = wrapper.cfbundle; includeInIndex = 0; path = TestControlTests.xctest; sourceTree = BUILT_PRODUCTS_DIR; };
		89EF4ACB1CFA614F006DCDC5 /* IntegrationTests.m */ = {isa = PBXFileReference; lastKnownFileType = sourcecode.c.objc; path = IntegrationTests.m; sourceTree = "<group>"; };
		89EF4ACD1CFA614F006DCDC5 /* Info.plist */ = {isa = PBXFileReference; lastKnownFileType = text.plist.xml; path = Info.plist; sourceTree = "<group>"; };
		F5169D261CFEAE5900252F52 /* LICENSE */ = {isa = PBXFileReference; fileEncoding = 4; lastKnownFileType = text; path = LICENSE; sourceTree = "<group>"; };
		F5169D281CFEAE5900252F52 /* FBSimulatorControl.LICENSE */ = {isa = PBXFileReference; fileEncoding = 4; lastKnownFileType = text; path = FBSimulatorControl.LICENSE; sourceTree = "<group>"; };
/* End PBXFileReference section */

/* Begin PBXFrameworksBuildPhase section */
		89331D401CE222C7003C2E59 /* Frameworks */ = {
			isa = PBXFrameworksBuildPhase;
			buildActionMask = 2147483647;
			files = (
			);
			runOnlyForDeploymentPostprocessing = 0;
		};
		8974F5181D085FDA00C51B0C /* Frameworks */ = {
			isa = PBXFrameworksBuildPhase;
			buildActionMask = 2147483647;
			files = (
			);
			runOnlyForDeploymentPostprocessing = 0;
		};
		89EF4AC61CFA614F006DCDC5 /* Frameworks */ = {
			isa = PBXFrameworksBuildPhase;
			buildActionMask = 2147483647;
			files = (
			);
			runOnlyForDeploymentPostprocessing = 0;
		};
/* End PBXFrameworksBuildPhase section */

/* Begin PBXGroup section */
		89331D3A1CE222C7003C2E59 = {
			isa = PBXGroup;
			children = (
				F5169D261CFEAE5900252F52 /* LICENSE */,
				89331D451CE222C7003C2E59 /* test-control */,
				89EF4ACA1CFA614F006DCDC5 /* TestControlTests */,
				89331D441CE222C7003C2E59 /* Products */,
				F5169D271CFEAE5900252F52 /* vendor-licenses */,
			);
			sourceTree = "<group>";
		};
		89331D441CE222C7003C2E59 /* Products */ = {
			isa = PBXGroup;
			children = (
				89331D431CE222C7003C2E59 /* xctestctl */,
				89EF4AC91CFA614F006DCDC5 /* TestControlTests.xctest */,
				8974F51B1D085FDA00C51B0C /* libXCTestCtl.dylib */,
			);
			name = Products;
			sourceTree = "<group>";
		};
		89331D451CE222C7003C2E59 /* test-control */ = {
			isa = PBXGroup;
			children = (
				89331D461CE222C7003C2E59 /* main.m */,
				8974F5131D085B6800C51B0C /* XCTestControlWrapper.h */,
				8974F5141D085B6800C51B0C /* XCTestControlWrapper.m */,
				896F7F041CF9C51900FD8572 /* Utilities */,
				896F7F021CF9C50500FD8572 /* Devices */,
				896F7F031CF9C51000FD8572 /* TestParameters */,
			);
			path = "test-control";
			sourceTree = "<group>";
		};
		896F7F021CF9C50500FD8572 /* Devices */ = {
			isa = PBXGroup;
			children = (
				89EF4ABC1CFA5ACB006DCDC5 /* Device.h */,
				89EF4ABD1CFA5ACB006DCDC5 /* Device.m */,
				896F7F081CF9C56800FD8572 /* PhysicalDevice.h */,
				896F7F091CF9C56800FD8572 /* PhysicalDevice.m */,
				896F7F0A1CF9C56800FD8572 /* Simulator.h */,
				896F7F0B1CF9C56800FD8572 /* Simulator.m */,
			);
			name = Devices;
			sourceTree = "<group>";
		};
		896F7F031CF9C51000FD8572 /* TestParameters */ = {
			isa = PBXGroup;
			children = (
				896F7F141CF9F96100FD8572 /* TestParameters.h */,
				896F7F151CF9F96100FD8572 /* TestParameters.m */,
				896F7F051CF9C55C00FD8572 /* DeviceTestParameters.h */,
				896F7F061CF9C55C00FD8572 /* DeviceTestParameters.m */,
				896F7F171CF9FC3C00FD8572 /* SimulatorTestParameters.h */,
				896F7F181CF9FC3C00FD8572 /* SimulatorTestParameters.m */,
			);
			name = TestParameters;
			sourceTree = "<group>";
		};
		896F7F041CF9C51900FD8572 /* Utilities */ = {
			isa = PBXGroup;
			children = (
				896F7F0E1CF9C57600FD8572 /* ShellRunner.h */,
				896F7F0F1CF9C57600FD8572 /* ShellRunner.m */,
				89EF4AC21CFA6008006DCDC5 /* TestControlArgParser.h */,
				89EF4AC31CFA6008006DCDC5 /* TestControlArgParser.m */,
			);
			name = Utilities;
			sourceTree = "<group>";
		};
		89EF4ACA1CFA614F006DCDC5 /* TestControlTests */ = {
			isa = PBXGroup;
			children = (
				89EF4ACB1CFA614F006DCDC5 /* IntegrationTests.m */,
				89EF4ACD1CFA614F006DCDC5 /* Info.plist */,
			);
			path = TestControlTests;
			sourceTree = "<group>";
		};
		F5169D271CFEAE5900252F52 /* vendor-licenses */ = {
			isa = PBXGroup;
			children = (
				F5169D281CFEAE5900252F52 /* FBSimulatorControl.LICENSE */,
			);
			path = "vendor-licenses";
			sourceTree = "<group>";
		};
/* End PBXGroup section */

/* Begin PBXHeadersBuildPhase section */
		8974F5191D085FDA00C51B0C /* Headers */ = {
			isa = PBXHeadersBuildPhase;
			buildActionMask = 2147483647;
			files = (
			);
			runOnlyForDeploymentPostprocessing = 0;
		};
/* End PBXHeadersBuildPhase section */

/* Begin PBXNativeTarget section */
		89331D421CE222C7003C2E59 /* xctestctl */ = {
			isa = PBXNativeTarget;
			buildConfigurationList = 89331D4A1CE222C7003C2E59 /* Build configuration list for PBXNativeTarget "xctestctl" */;
			buildPhases = (
				89331D3F1CE222C7003C2E59 /* Sources */,
				89331D401CE222C7003C2E59 /* Frameworks */,
				89331D411CE222C7003C2E59 /* CopyFiles */,
			);
			buildRules = (
			);
			dependencies = (
			);
			name = xctestctl;
			productName = "test-control";
			productReference = 89331D431CE222C7003C2E59 /* xctestctl */;
			productType = "com.apple.product-type.tool";
		};
		8974F51A1D085FDA00C51B0C /* XCTestCtl */ = {
			isa = PBXNativeTarget;
			buildConfigurationList = 8974F5211D085FDA00C51B0C /* Build configuration list for PBXNativeTarget "XCTestCtl" */;
			buildPhases = (
				8974F5171D085FDA00C51B0C /* Sources */,
				8974F5181D085FDA00C51B0C /* Frameworks */,
				8974F5191D085FDA00C51B0C /* Headers */,
			);
			buildRules = (
			);
			dependencies = (
			);
			name = XCTestCtl;
			productName = XCTestCtl;
			productReference = 8974F51B1D085FDA00C51B0C /* libXCTestCtl.dylib */;
			productType = "com.apple.product-type.library.dynamic";
		};
		89EF4AC81CFA614F006DCDC5 /* TestControlTests */ = {
			isa = PBXNativeTarget;
			buildConfigurationList = 89EF4ACE1CFA614F006DCDC5 /* Build configuration list for PBXNativeTarget "TestControlTests" */;
			buildPhases = (
				89EF4AC51CFA614F006DCDC5 /* Sources */,
				89EF4AC61CFA614F006DCDC5 /* Frameworks */,
				89EF4AC71CFA614F006DCDC5 /* Resources */,
			);
			buildRules = (
			);
			dependencies = (
			);
			name = TestControlTests;
			productName = TestControlTests;
			productReference = 89EF4AC91CFA614F006DCDC5 /* TestControlTests.xctest */;
			productType = "com.apple.product-type.bundle.unit-test";
		};
/* End PBXNativeTarget section */

/* Begin PBXProject section */
		89331D3B1CE222C7003C2E59 /* Project object */ = {
			isa = PBXProject;
			attributes = {
				LastUpgradeCheck = 0730;
				ORGANIZATIONNAME = xamarin;
				TargetAttributes = {
					89331D421CE222C7003C2E59 = {
						CreatedOnToolsVersion = 7.3;
					};
					8974F51A1D085FDA00C51B0C = {
						CreatedOnToolsVersion = 7.3.1;
					};
					89EF4AC81CFA614F006DCDC5 = {
						CreatedOnToolsVersion = 7.3.1;
					};
				};
			};
			buildConfigurationList = 89331D3E1CE222C7003C2E59 /* Build configuration list for PBXProject "test-control" */;
			compatibilityVersion = "Xcode 3.2";
			developmentRegion = English;
			hasScannedForEncodings = 0;
			knownRegions = (
				en,
			);
			mainGroup = 89331D3A1CE222C7003C2E59;
			productRefGroup = 89331D441CE222C7003C2E59 /* Products */;
			projectDirPath = "";
			projectRoot = "";
			targets = (
				89331D421CE222C7003C2E59 /* xctestctl */,
				89EF4AC81CFA614F006DCDC5 /* TestControlTests */,
				8974F51A1D085FDA00C51B0C /* XCTestCtl */,
			);
		};
/* End PBXProject section */

/* Begin PBXResourcesBuildPhase section */
		89EF4AC71CFA614F006DCDC5 /* Resources */ = {
			isa = PBXResourcesBuildPhase;
			buildActionMask = 2147483647;
			files = (
			);
			runOnlyForDeploymentPostprocessing = 0;
		};
/* End PBXResourcesBuildPhase section */

/* Begin PBXSourcesBuildPhase section */
		89331D3F1CE222C7003C2E59 /* Sources */ = {
			isa = PBXSourcesBuildPhase;
			buildActionMask = 2147483647;
			files = (
				896F7F071CF9C55C00FD8572 /* DeviceTestParameters.m in Sources */,
				89EF4AC41CFA6008006DCDC5 /* TestControlArgParser.m in Sources */,
				896F7F0C1CF9C56800FD8572 /* PhysicalDevice.m in Sources */,
				89331D471CE222C7003C2E59 /* main.m in Sources */,
				89EF4ABE1CFA5ACB006DCDC5 /* Device.m in Sources */,
				896F7F191CF9FC3C00FD8572 /* SimulatorTestParameters.m in Sources */,
				8974F5151D085B6800C51B0C /* XCTestControlWrapper.m in Sources */,
				896F7F161CF9F96100FD8572 /* TestParameters.m in Sources */,
				896F7F101CF9C57600FD8572 /* ShellRunner.m in Sources */,
				896F7F0D1CF9C56800FD8572 /* Simulator.m in Sources */,
			);
			runOnlyForDeploymentPostprocessing = 0;
		};
		8974F5171D085FDA00C51B0C /* Sources */ = {
			isa = PBXSourcesBuildPhase;
			buildActionMask = 2147483647;
			files = (
				8974F5251D08603A00C51B0C /* XCTestControlWrapper.m in Sources */,
				8974F5271D08603A00C51B0C /* ShellRunner.m in Sources */,
				8974F5291D08603A00C51B0C /* TestControlArgParser.m in Sources */,
				8974F52B1D08603A00C51B0C /* Device.m in Sources */,
				8974F52D1D08603A00C51B0C /* PhysicalDevice.m in Sources */,
				8974F52F1D08603A00C51B0C /* Simulator.m in Sources */,
				8974F5311D08603A00C51B0C /* TestParameters.m in Sources */,
				8974F5331D08603A00C51B0C /* DeviceTestParameters.m in Sources */,
				8974F5351D08603A00C51B0C /* SimulatorTestParameters.m in Sources */,
			);
			runOnlyForDeploymentPostprocessing = 0;
		};
		89EF4AC51CFA614F006DCDC5 /* Sources */ = {
			isa = PBXSourcesBuildPhase;
			buildActionMask = 2147483647;
			files = (
				89EF4AE01CFA64A0006DCDC5 /* ShellRunner.m in Sources */,
				89EF4AE11CFA64A0006DCDC5 /* TestControlArgParser.m in Sources */,
				89EF4AE21CFA64A0006DCDC5 /* PhysicalDevice.m in Sources */,
				89EF4AE31CFA64A0006DCDC5 /* Simulator.m in Sources */,
				89EF4AE41CFA64A0006DCDC5 /* DeviceTestParameters.m in Sources */,
				89EF4AE51CFA64A0006DCDC5 /* SimulatorTestParameters.m in Sources */,
				8974F5161D085B6800C51B0C /* XCTestControlWrapper.m in Sources */,
				89EF4ADE1CFA6432006DCDC5 /* Device.m in Sources */,
				89EF4ADF1CFA6432006DCDC5 /* TestParameters.m in Sources */,
				89EF4ACC1CFA614F006DCDC5 /* IntegrationTests.m in Sources */,
			);
			runOnlyForDeploymentPostprocessing = 0;
		};
/* End PBXSourcesBuildPhase section */

/* Begin XCBuildConfiguration section */
		89331D481CE222C7003C2E59 /* Debug */ = {
			isa = XCBuildConfiguration;
			buildSettings = {
				ALWAYS_SEARCH_USER_PATHS = NO;
				CLANG_ANALYZER_NONNULL = YES;
				CLANG_CXX_LANGUAGE_STANDARD = "gnu++0x";
				CLANG_CXX_LIBRARY = "libc++";
				CLANG_ENABLE_MODULES = YES;
				CLANG_ENABLE_OBJC_ARC = YES;
				CLANG_WARN_BOOL_CONVERSION = YES;
				CLANG_WARN_CONSTANT_CONVERSION = YES;
				CLANG_WARN_DIRECT_OBJC_ISA_USAGE = YES_ERROR;
				CLANG_WARN_EMPTY_BODY = YES;
				CLANG_WARN_ENUM_CONVERSION = YES;
				CLANG_WARN_INT_CONVERSION = YES;
				CLANG_WARN_OBJC_ROOT_CLASS = YES_ERROR;
				CLANG_WARN_UNREACHABLE_CODE = YES;
				CLANG_WARN__DUPLICATE_METHOD_MATCH = YES;
				CODE_SIGN_IDENTITY = "-";
				COPY_PHASE_STRIP = NO;
				DEBUG_INFORMATION_FORMAT = dwarf;
				ENABLE_STRICT_OBJC_MSGSEND = YES;
				ENABLE_TESTABILITY = YES;
				GCC_C_LANGUAGE_STANDARD = gnu99;
				GCC_DYNAMIC_NO_PIC = NO;
				GCC_NO_COMMON_BLOCKS = YES;
				GCC_OPTIMIZATION_LEVEL = 0;
				GCC_PREPROCESSOR_DEFINITIONS = (
					"DEBUG=1",
					"$(inherited)",
				);
				GCC_WARN_64_TO_32_BIT_CONVERSION = YES;
				GCC_WARN_ABOUT_RETURN_TYPE = YES_ERROR;
				GCC_WARN_UNDECLARED_SELECTOR = YES;
				GCC_WARN_UNINITIALIZED_AUTOS = YES_AGGRESSIVE;
				GCC_WARN_UNUSED_FUNCTION = YES;
				GCC_WARN_UNUSED_VARIABLE = YES;
				MACOSX_DEPLOYMENT_TARGET = 10.11;
				MTL_ENABLE_DEBUG_INFO = YES;
				ONLY_ACTIVE_ARCH = YES;
				SDKROOT = macosx;
			};
			name = Debug;
		};
		89331D491CE222C7003C2E59 /* Release */ = {
			isa = XCBuildConfiguration;
			buildSettings = {
				ALWAYS_SEARCH_USER_PATHS = NO;
				CLANG_ANALYZER_NONNULL = YES;
				CLANG_CXX_LANGUAGE_STANDARD = "gnu++0x";
				CLANG_CXX_LIBRARY = "libc++";
				CLANG_ENABLE_MODULES = YES;
				CLANG_ENABLE_OBJC_ARC = YES;
				CLANG_WARN_BOOL_CONVERSION = YES;
				CLANG_WARN_CONSTANT_CONVERSION = YES;
				CLANG_WARN_DIRECT_OBJC_ISA_USAGE = YES_ERROR;
				CLANG_WARN_EMPTY_BODY = YES;
				CLANG_WARN_ENUM_CONVERSION = YES;
				CLANG_WARN_INT_CONVERSION = YES;
				CLANG_WARN_OBJC_ROOT_CLASS = YES_ERROR;
				CLANG_WARN_UNREACHABLE_CODE = YES;
				CLANG_WARN__DUPLICATE_METHOD_MATCH = YES;
				CODE_SIGN_IDENTITY = "-";
				COPY_PHASE_STRIP = NO;
				DEBUG_INFORMATION_FORMAT = "dwarf-with-dsym";
				ENABLE_NS_ASSERTIONS = NO;
				ENABLE_STRICT_OBJC_MSGSEND = YES;
				GCC_C_LANGUAGE_STANDARD = gnu99;
				GCC_NO_COMMON_BLOCKS = YES;
				GCC_WARN_64_TO_32_BIT_CONVERSION = YES;
				GCC_WARN_ABOUT_RETURN_TYPE = YES_ERROR;
				GCC_WARN_UNDECLARED_SELECTOR = YES;
				GCC_WARN_UNINITIALIZED_AUTOS = YES_AGGRESSIVE;
				GCC_WARN_UNUSED_FUNCTION = YES;
				GCC_WARN_UNUSED_VARIABLE = YES;
				MACOSX_DEPLOYMENT_TARGET = 10.11;
				MTL_ENABLE_DEBUG_INFO = NO;
				SDKROOT = macosx;
			};
			name = Release;
		};
		89331D4B1CE222C7003C2E59 /* Debug */ = {
			isa = XCBuildConfiguration;
			buildSettings = {
				FRAMEWORK_SEARCH_PATHS = (
					"$(inherited)",
					"$(PROJECT_DIR)/Frameworks",
				);
				GENERATE_MASTER_OBJECT_FILE = NO;
				LD_RUNPATH_SEARCH_PATHS = $HOME/.calabash/Frameworks;
				PRODUCT_NAME = "$(TARGET_NAME)";
			};
			name = Debug;
		};
		89331D4C1CE222C7003C2E59 /* Release */ = {
			isa = XCBuildConfiguration;
			buildSettings = {
				FRAMEWORK_SEARCH_PATHS = (
					"$(inherited)",
					"$(PROJECT_DIR)/Frameworks",
				);
				GENERATE_MASTER_OBJECT_FILE = NO;
				LD_RUNPATH_SEARCH_PATHS = $HOME/.calabash/Frameworks;
				PRODUCT_NAME = "$(TARGET_NAME)";
			};
			name = Release;
		};
		8974F5221D085FDA00C51B0C /* Debug */ = {
			isa = XCBuildConfiguration;
			buildSettings = {
				DYLIB_COMPATIBILITY_VERSION = 1;
				DYLIB_CURRENT_VERSION = 1;
				EXECUTABLE_PREFIX = lib;
				FRAMEWORK_SEARCH_PATHS = "$(PROJECT_DIR)/Frameworks";
				LD_RUNPATH_SEARCH_PATHS = $HOME/.calabash/Frameworks;
				PRODUCT_NAME = "$(TARGET_NAME)";
			};
			name = Debug;
		};
		8974F5231D085FDA00C51B0C /* Release */ = {
			isa = XCBuildConfiguration;
			buildSettings = {
				DYLIB_COMPATIBILITY_VERSION = 1;
				DYLIB_CURRENT_VERSION = 1;
				EXECUTABLE_PREFIX = lib;
				FRAMEWORK_SEARCH_PATHS = "$(PROJECT_DIR)/Frameworks";
				LD_RUNPATH_SEARCH_PATHS = $HOME/.calabash/Frameworks;
				PRODUCT_NAME = "$(TARGET_NAME)";
			};
			name = Release;
		};
		89EF4ACF1CFA614F006DCDC5 /* Debug */ = {
			isa = XCBuildConfiguration;
			buildSettings = {
				COMBINE_HIDPI_IMAGES = YES;
				FRAMEWORK_SEARCH_PATHS = $PROJECT_DIR/Frameworks;
				INFOPLIST_FILE = TestControlTests/Info.plist;
				LD_RUNPATH_SEARCH_PATHS = "$(inherited) @executable_path/../Frameworks @loader_path/../Frameworks $HOME/.calabash/Frameworks";
				PRODUCT_BUNDLE_IDENTIFIER = com.xamarin.TestControlTests;
				PRODUCT_NAME = "$(TARGET_NAME)";
			};
			name = Debug;
		};
		89EF4AD01CFA614F006DCDC5 /* Release */ = {
			isa = XCBuildConfiguration;
			buildSettings = {
				COMBINE_HIDPI_IMAGES = YES;
				FRAMEWORK_SEARCH_PATHS = $PROJECT_DIR/Frameworks;
				INFOPLIST_FILE = TestControlTests/Info.plist;
				LD_RUNPATH_SEARCH_PATHS = "$(inherited) @executable_path/../Frameworks @loader_path/../Frameworks $HOME/.calabash/Frameworks";
				PRODUCT_BUNDLE_IDENTIFIER = com.xamarin.TestControlTests;
				PRODUCT_NAME = "$(TARGET_NAME)";
			};
			name = Release;
		};
/* End XCBuildConfiguration section */

/* Begin XCConfigurationList section */
		89331D3E1CE222C7003C2E59 /* Build configuration list for PBXProject "test-control" */ = {
			isa = XCConfigurationList;
			buildConfigurations = (
				89331D481CE222C7003C2E59 /* Debug */,
				89331D491CE222C7003C2E59 /* Release */,
			);
			defaultConfigurationIsVisible = 0;
			defaultConfigurationName = Release;
		};
		89331D4A1CE222C7003C2E59 /* Build configuration list for PBXNativeTarget "xctestctl" */ = {
			isa = XCConfigurationList;
			buildConfigurations = (
				89331D4B1CE222C7003C2E59 /* Debug */,
				89331D4C1CE222C7003C2E59 /* Release */,
			);
			defaultConfigurationIsVisible = 0;
			defaultConfigurationName = Release;
		};
		8974F5211D085FDA00C51B0C /* Build configuration list for PBXNativeTarget "XCTestCtl" */ = {
			isa = XCConfigurationList;
			buildConfigurations = (
				8974F5221D085FDA00C51B0C /* Debug */,
				8974F5231D085FDA00C51B0C /* Release */,
			);
			defaultConfigurationIsVisible = 0;
		};
		89EF4ACE1CFA614F006DCDC5 /* Build configuration list for PBXNativeTarget "TestControlTests" */ = {
			isa = XCConfigurationList;
			buildConfigurations = (
				89EF4ACF1CFA614F006DCDC5 /* Debug */,
				89EF4AD01CFA614F006DCDC5 /* Release */,
			);
			defaultConfigurationIsVisible = 0;
			defaultConfigurationName = Release;
		};
/* End XCConfigurationList section */
	};
	rootObject = 89331D3B1CE222C7003C2E59 /* Project object */;
}
